
Microsoft Visual Studio Solution File, Format Version 12.00
# Visual Studio Version 17
VisualStudioVersion = 17.5.002.0
MinimumVisualStudioVersion = 10.0.40219.1
Project("{9A19103F-16F7-4668-BE54-9A1E7A4F7556}") = "mininal-api", "mininal-api.csproj", "{78A6CC42-FFA1-4B16-B8E2-AF6EDFCF9629}"
EndProject
Global
	GlobalSection(SolutionConfigurationPlatforms) = preSolution
		Debug|Any CPU = Debug|Any CPU
		Release|Any CPU = Release|Any CPU
	EndGlobalSection
	GlobalSection(ProjectConfigurationPlatforms) = postSolution
		{78A6CC42-FFA1-4B16-B8E2-AF6EDFCF9629}.Debug|Any CPU.ActiveCfg = Debug|Any CPU
		{78A6CC42-FFA1-4B16-B8E2-AF6EDFCF9629}.Debug|Any CPU.Build.0 = Debug|Any CPU
		{78A6CC42-FFA1-4B16-B8E2-AF6EDFCF9629}.Release|Any CPU.ActiveCfg = Release|Any CPU
		{78A6CC42-FFA1-4B16-B8E2-AF6EDFCF9629}.Release|Any CPU.Build.0 = Release|Any CPU
	EndGlobalSection
	GlobalSection(SolutionProperties) = preSolution
		HideSolutionNode = FALSE
	EndGlobalSection
	GlobalSection(ExtensibilityGlobals) = postSolution
		SolutionGuid = {4E995D67-FC6A-490F-B73E-C2C3DFE3482A}
	EndGlobalSection
EndGlobal
